
Microsoft Visual Studio Solution File, Format Version 12.00
# Visual Studio Version 17
VisualStudioVersion = 17.4.33103.184
MinimumVisualStudioVersion = 10.0.40219.1
Project("{FAE04EC0-301F-11D3-BF4B-00C04F79EFBC}") = "Prueba6", "Prueba6\Prueba6.csproj", "{FA4137F8-D1AA-4790-81E7-552E56234485}"
EndProject
Global
	GlobalSection(SolutionConfigurationPlatforms) = preSolution
		Debug|Any CPU = Debug|Any CPU
		Release|Any CPU = Release|Any CPU
	EndGlobalSection
	GlobalSection(ProjectConfigurationPlatforms) = postSolution
		{FA4137F8-D1AA-4790-81E7-552E56234485}.Debug|Any CPU.ActiveCfg = Debug|Any CPU
		{FA4137F8-D1AA-4790-81E7-552E56234485}.Debug|Any CPU.Build.0 = Debug|Any CPU
		{FA4137F8-D1AA-4790-81E7-552E56234485}.Release|Any CPU.ActiveCfg = Release|Any CPU
		{FA4137F8-D1AA-4790-81E7-552E56234485}.Release|Any CPU.Build.0 = Release|Any CPU
	EndGlobalSection
	GlobalSection(SolutionProperties) = preSolution
		HideSolutionNode = FALSE
	EndGlobalSection
	GlobalSection(ExtensibilityGlobals) = postSolution
		SolutionGuid = {64B9C1C8-9E4B-4BD3-8901-B064991C26E3}
	EndGlobalSection
EndGlobal
